
Microsoft Visual Studio Solution File, Format Version 12.00
# Visual Studio 15
VisualStudioVersion = 15.0.28307.1300
MinimumVisualStudioVersion = 10.0.40219.1
Project("{FAE04EC0-301F-11D3-BF4B-00C04F79EFBC}") = "webForm4", "webForm4\webForm4.csproj", "{D61C6AEB-6F25-4EAA-9405-01D331AE2284}"
EndProject
Global
	GlobalSection(SolutionConfigurationPlatforms) = preSolution
		Debug|Any CPU = Debug|Any CPU
		Release|Any CPU = Release|Any CPU
	EndGlobalSection
	GlobalSection(ProjectConfigurationPlatforms) = postSolution
		{D61C6AEB-6F25-4EAA-9405-01D331AE2284}.Debug|Any CPU.ActiveCfg = Debug|Any CPU
		{D61C6AEB-6F25-4EAA-9405-01D331AE2284}.Debug|Any CPU.Build.0 = Debug|Any CPU
		{D61C6AEB-6F25-4EAA-9405-01D331AE2284}.Release|Any CPU.ActiveCfg = Release|Any CPU
		{D61C6AEB-6F25-4EAA-9405-01D331AE2284}.Release|Any CPU.Build.0 = Release|Any CPU
	EndGlobalSection
	GlobalSection(SolutionProperties) = preSolution
		HideSolutionNode = FALSE
	EndGlobalSection
	GlobalSection(ExtensibilityGlobals) = postSolution
		SolutionGuid = {C326A5D3-D91C-4184-9D82-01AE30560091}
	EndGlobalSection
EndGlobal
